
Microsoft Visual Studio Solution File, Format Version 12.00
# Visual Studio 15
VisualStudioVersion = 15.0.28307.705
MinimumVisualStudioVersion = 10.0.40219.1
Project("{9A19103F-16F7-4668-BE54-9A1E7A4F7556}") = "NG_Core_Auth", "NG_Core_Auth.csproj", "{DAFF9BDC-1CBC-489D-9878-848953AB8144}"
EndProject
Global
	GlobalSection(SolutionConfigurationPlatforms) = preSolution
		Debug|Any CPU = Debug|Any CPU
		Release|Any CPU = Release|Any CPU
	EndGlobalSection
	GlobalSection(ProjectConfigurationPlatforms) = postSolution
		{DAFF9BDC-1CBC-489D-9878-848953AB8144}.Debug|Any CPU.ActiveCfg = Debug|Any CPU
		{DAFF9BDC-1CBC-489D-9878-848953AB8144}.Debug|Any CPU.Build.0 = Debug|Any CPU
		{DAFF9BDC-1CBC-489D-9878-848953AB8144}.Release|Any CPU.ActiveCfg = Release|Any CPU
		{DAFF9BDC-1CBC-489D-9878-848953AB8144}.Release|Any CPU.Build.0 = Release|Any CPU
	EndGlobalSection
	GlobalSection(SolutionProperties) = preSolution
		HideSolutionNode = FALSE
	EndGlobalSection
	GlobalSection(ExtensibilityGlobals) = postSolution
		SolutionGuid = {1D6B2313-7A47-4D41-9932-4FF244A6F3C0}
	EndGlobalSection
EndGlobal
